
Microsoft Visual Studio Solution File, Format Version 12.00
# Visual Studio Version 17
VisualStudioVersion = 17.14.36518.9 d17.14
MinimumVisualStudioVersion = 10.0.40219.1
Project("{FAE04EC0-301F-11D3-BF4B-00C04F79EFBC}") = "MarathonFinal", "MarathonFinal\MarathonFinal.csproj", "{8447D662-248E-4C46-B836-BF6F2A97EBE8}"
EndProject
Global
	GlobalSection(SolutionConfigurationPlatforms) = preSolution
		Debug|Any CPU = Debug|Any CPU
		Release|Any CPU = Release|Any CPU
	EndGlobalSection
	GlobalSection(ProjectConfigurationPlatforms) = postSolution
		{8447D662-248E-4C46-B836-BF6F2A97EBE8}.Debug|Any CPU.ActiveCfg = Debug|Any CPU
		{8447D662-248E-4C46-B836-BF6F2A97EBE8}.Debug|Any CPU.Build.0 = Debug|Any CPU
		{8447D662-248E-4C46-B836-BF6F2A97EBE8}.Release|Any CPU.ActiveCfg = Release|Any CPU
		{8447D662-248E-4C46-B836-BF6F2A97EBE8}.Release|Any CPU.Build.0 = Release|Any CPU
	EndGlobalSection
	GlobalSection(SolutionProperties) = preSolution
		HideSolutionNode = FALSE
	EndGlobalSection
	GlobalSection(ExtensibilityGlobals) = postSolution
		SolutionGuid = {BF02964B-33FD-4D13-8124-EA1CD1C5B4B7}
	EndGlobalSection
EndGlobal
